
Microsoft Visual Studio Solution File, Format Version 12.00
# Visual Studio Version 17
VisualStudioVersion = 17.12.35514.174
MinimumVisualStudioVersion = 10.0.40219.1
Project("{2150E333-8FDC-42A3-9474-1A3956D46DE8}") = "src", "src", "{E6941473-9CCE-4489-B9E3-0F00669D1207}"
EndProject
Project("{2150E333-8FDC-42A3-9474-1A3956D46DE8}") = "test", "test", "{1FE3011A-BD9B-4CBA-88D7-838070C0EDA8}"
EndProject
Project("{2150E333-8FDC-42A3-9474-1A3956D46DE8}") = "API", "API", "{C24B0F13-41E6-465C-8D6D-E00AE1CBD417}"
EndProject
Project("{2150E333-8FDC-42A3-9474-1A3956D46DE8}") = "Core", "Core", "{D30B474C-2983-4C15-B252-949FD51BA180}"
EndProject
Project("{2150E333-8FDC-42A3-9474-1A3956D46DE8}") = "Infrastructure", "Infrastructure", "{787117F5-4262-4246-876B-535B27DA4F0B}"
EndProject
Project("{2150E333-8FDC-42A3-9474-1A3956D46DE8}") = "UI", "UI", "{9EBE3237-9B09-4B9D-9556-85AFFBA86AC1}"
EndProject
Project("{FAE04EC0-301F-11D3-BF4B-00C04F79EFBC}") = "HR.LeaveManagement.Domain", "HR.LeaveManagement.Domain\HR.LeaveManagement.Domain.csproj", "{E3E6DE5A-E63A-4DFC-B68F-FBA9D86408B2}"
EndProject
Project("{FAE04EC0-301F-11D3-BF4B-00C04F79EFBC}") = "HR.LeaveManagement.Application", "HR.LeaveManagement.Application\HR.LeaveManagement.Application.csproj", "{4363F2C0-539D-4644-A9DB-1820EDBB801C}"
EndProject
Project("{FAE04EC0-301F-11D3-BF4B-00C04F79EFBC}") = "HR.LeaveManagement.Infrastructure", "HR.LeaveManagement.Infrastructure\HR.LeaveManagement.Infrastructure.csproj", "{4352A118-2D0D-425D-8880-88AF09C90DB2}"
EndProject
Project("{FAE04EC0-301F-11D3-BF4B-00C04F79EFBC}") = "HR.LeaveManagement.Persistence", "HR.LeaveManagement.Persistence\HR.LeaveManagement.Persistence.csproj", "{E86EBFC4-0EB0-422D-BD1E-DC92C0B173A0}"
EndProject
Project("{FAE04EC0-301F-11D3-BF4B-00C04F79EFBC}") = "HR.LeaveManagement.API", "HR.LeaveManagement.API\HR.LeaveManagement.API.csproj", "{896D4A55-9A7B-4A94-9A02-4EB17524D711}"
EndProject
Global
	GlobalSection(SolutionConfigurationPlatforms) = preSolution
		Debug|Any CPU = Debug|Any CPU
		Release|Any CPU = Release|Any CPU
	EndGlobalSection
	GlobalSection(ProjectConfigurationPlatforms) = postSolution
		{E3E6DE5A-E63A-4DFC-B68F-FBA9D86408B2}.Debug|Any CPU.ActiveCfg = Debug|Any CPU
		{E3E6DE5A-E63A-4DFC-B68F-FBA9D86408B2}.Debug|Any CPU.Build.0 = Debug|Any CPU
		{E3E6DE5A-E63A-4DFC-B68F-FBA9D86408B2}.Release|Any CPU.ActiveCfg = Release|Any CPU
		{E3E6DE5A-E63A-4DFC-B68F-FBA9D86408B2}.Release|Any CPU.Build.0 = Release|Any CPU
		{4363F2C0-539D-4644-A9DB-1820EDBB801C}.Debug|Any CPU.ActiveCfg = Debug|Any CPU
		{4363F2C0-539D-4644-A9DB-1820EDBB801C}.Debug|Any CPU.Build.0 = Debug|Any CPU
		{4363F2C0-539D-4644-A9DB-1820EDBB801C}.Release|Any CPU.ActiveCfg = Release|Any CPU
		{4363F2C0-539D-4644-A9DB-1820EDBB801C}.Release|Any CPU.Build.0 = Release|Any CPU
		{4352A118-2D0D-425D-8880-88AF09C90DB2}.Debug|Any CPU.ActiveCfg = Debug|Any CPU
		{4352A118-2D0D-425D-8880-88AF09C90DB2}.Debug|Any CPU.Build.0 = Debug|Any CPU
		{4352A118-2D0D-425D-8880-88AF09C90DB2}.Release|Any CPU.ActiveCfg = Release|Any CPU
		{4352A118-2D0D-425D-8880-88AF09C90DB2}.Release|Any CPU.Build.0 = Release|Any CPU
		{E86EBFC4-0EB0-422D-BD1E-DC92C0B173A0}.Debug|Any CPU.ActiveCfg = Debug|Any CPU
		{E86EBFC4-0EB0-422D-BD1E-DC92C0B173A0}.Debug|Any CPU.Build.0 = Debug|Any CPU
		{E86EBFC4-0EB0-422D-BD1E-DC92C0B173A0}.Release|Any CPU.ActiveCfg = Release|Any CPU
		{E86EBFC4-0EB0-422D-BD1E-DC92C0B173A0}.Release|Any CPU.Build.0 = Release|Any CPU
		{896D4A55-9A7B-4A94-9A02-4EB17524D711}.Debug|Any CPU.ActiveCfg = Debug|Any CPU
		{896D4A55-9A7B-4A94-9A02-4EB17524D711}.Debug|Any CPU.Build.0 = Debug|Any CPU
		{896D4A55-9A7B-4A94-9A02-4EB17524D711}.Release|Any CPU.ActiveCfg = Release|Any CPU
		{896D4A55-9A7B-4A94-9A02-4EB17524D711}.Release|Any CPU.Build.0 = Release|Any CPU
	EndGlobalSection
	GlobalSection(SolutionProperties) = preSolution
		HideSolutionNode = FALSE
	EndGlobalSection
	GlobalSection(NestedProjects) = preSolution
		{1FE3011A-BD9B-4CBA-88D7-838070C0EDA8} = {E6941473-9CCE-4489-B9E3-0F00669D1207}
		{C24B0F13-41E6-465C-8D6D-E00AE1CBD417} = {E6941473-9CCE-4489-B9E3-0F00669D1207}
		{D30B474C-2983-4C15-B252-949FD51BA180} = {E6941473-9CCE-4489-B9E3-0F00669D1207}
		{787117F5-4262-4246-876B-535B27DA4F0B} = {E6941473-9CCE-4489-B9E3-0F00669D1207}
		{9EBE3237-9B09-4B9D-9556-85AFFBA86AC1} = {E6941473-9CCE-4489-B9E3-0F00669D1207}
		{E3E6DE5A-E63A-4DFC-B68F-FBA9D86408B2} = {D30B474C-2983-4C15-B252-949FD51BA180}
		{4363F2C0-539D-4644-A9DB-1820EDBB801C} = {D30B474C-2983-4C15-B252-949FD51BA180}
		{4352A118-2D0D-425D-8880-88AF09C90DB2} = {787117F5-4262-4246-876B-535B27DA4F0B}
		{E86EBFC4-0EB0-422D-BD1E-DC92C0B173A0} = {787117F5-4262-4246-876B-535B27DA4F0B}
		{896D4A55-9A7B-4A94-9A02-4EB17524D711} = {C24B0F13-41E6-465C-8D6D-E00AE1CBD417}
	EndGlobalSection
EndGlobal
